# Generated by pub
# See https://dart.dev/tools/pub/glossary#lockfile
packages:
  collection:
    dependency: transitive
    description:
      name: collection
      url: "https://pub.flutter-io.cn"
    source: hosted
    version: "1.17.0"
  convert:
    dependency: "direct main"
    description:
      name: convert
      url: "https://pub.flutter-io.cn"
    source: hosted
    version: "3.1.1"
  eth_abi_codec:
    dependency: "direct main"
    description:
      path: "."
      ref: "2.0.1"
      resolved-ref: a7cc81779d4a56d245e748971f079c2b7a784205
      url: "https://github.com/nbltrust/dart-eth-abi-codec.git"
    source: git
    version: "2.0.0"
  js:
    dependency: transitive
    description:
      name: js
      url: "https://pub.flutter-io.cn"
    source: hosted
    version: "0.6.5"
  meta:
    dependency: transitive
    description:
      name: meta
      url: "https://pub.flutter-io.cn"
    source: hosted
    version: "1.8.0"
  pointycastle:
    dependency: "direct main"
    description:
      name: pointycastle
      url: "https://pub.flutter-io.cn"
    source: hosted
    version: "3.6.2"
  sprintf:
    dependency: "direct main"
    description:
      name: sprintf
      url: "https://pub.flutter-io.cn"
    source: hosted
    version: "7.0.0"
  typed_data:
    dependency: "direct main"
    description:
      name: typed_data
      url: "https://pub.flutter-io.cn"
    source: hosted
    version: "1.3.1"
sdks:
  dart: ">=2.18.0 <3.0.0"
